
Microsoft Visual Studio Solution File, Format Version 12.00
# Visual Studio Version 17
VisualStudioVersion = 17.5.002.0
MinimumVisualStudioVersion = 10.0.40219.1
Project("{9A19103F-16F7-4668-BE54-9A1E7A4F7556}") = "DinAPI", "DinAPI.csproj", "{3F9F9710-0088-47DA-942A-A1465D8729EC}"
EndProject
Global
	GlobalSection(SolutionConfigurationPlatforms) = preSolution
		Debug|Any CPU = Debug|Any CPU
		Release|Any CPU = Release|Any CPU
	EndGlobalSection
	GlobalSection(ProjectConfigurationPlatforms) = postSolution
		{3F9F9710-0088-47DA-942A-A1465D8729EC}.Debug|Any CPU.ActiveCfg = Debug|Any CPU
		{3F9F9710-0088-47DA-942A-A1465D8729EC}.Debug|Any CPU.Build.0 = Debug|Any CPU
		{3F9F9710-0088-47DA-942A-A1465D8729EC}.Release|Any CPU.ActiveCfg = Release|Any CPU
		{3F9F9710-0088-47DA-942A-A1465D8729EC}.Release|Any CPU.Build.0 = Release|Any CPU
	EndGlobalSection
	GlobalSection(SolutionProperties) = preSolution
		HideSolutionNode = FALSE
	EndGlobalSection
	GlobalSection(ExtensibilityGlobals) = postSolution
		SolutionGuid = {74DA94EC-5111-4DB3-9DFE-C7254395C2BF}
	EndGlobalSection
EndGlobal
